{
  "name": "squad2.shopify",
  "version": "1.0.0",
  "lockfileVersion": 2,
  "requires": true,
  "packages": {
    "": {
      "name": "squad2.shopify",
      "version": "1.0.0",
      "dependencies": {
        "@shopify/cli": "^2.0.0"
      }
    },
    "node_modules/@shopify/cli": {
      "version": "2.0.0",
      "resolved": "https://registry.npmjs.org/@shopify/cli/-/cli-2.0.0.tgz",
      "integrity": "sha512-..."
    }
  },
  "dependencies": {
    "@shopify/cli": {
      "version": "2.0.0",
      "resolved": "https://registry.npmjs.org/@shopify/cli/-/cli-2.0.0.tgz",
      "integrity": "sha512-..."
    }
  }
}
